// !$*UTF8*$!
{
	archiveVersion = 1;
	classes = {
	};
	objectVersion = 50;
	objects = {

/* Begin PBXBuildFile section */
		A812697726927FE300E224D1 /* UnitsConversionTableView.swift in Sources */ = {isa = PBXBuildFile; fileRef = A812697626927FE300E224D1 /* UnitsConversionTableView.swift */; };
		A812697826927FE300E224D1 /* UnitsConversionTableView.swift in Sources */ = {isa = PBXBuildFile; fileRef = A812697626927FE300E224D1 /* UnitsConversionTableView.swift */; };
		A812697926927FE300E224D1 /* UnitsConversionTableView.swift in Sources */ = {isa = PBXBuildFile; fileRef = A812697626927FE300E224D1 /* UnitsConversionTableView.swift */; };
		A8734AD62691471100D25DE5 /* UnitSelectionButtonOld.swift in Sources */ = {isa = PBXBuildFile; fileRef = A8734AD52691471100D25DE5 /* UnitSelectionButtonOld.swift */; };
		A8734AF126916E3500D25DE5 /* CurrencyConverterViewController.swift in Sources */ = {isa = PBXBuildFile; fileRef = A8734AF026916E3500D25DE5 /* CurrencyConverterViewController.swift */; };
		A8734AF226916E3500D25DE5 /* CurrencyConverterViewController.swift in Sources */ = {isa = PBXBuildFile; fileRef = A8734AF026916E3500D25DE5 /* CurrencyConverterViewController.swift */; };
		A8A9B6B2269210FA003A602F /* ConversionScreen.swift in Sources */ = {isa = PBXBuildFile; fileRef = A8A9B6B1269210FA003A602F /* ConversionScreen.swift */; };
		A8A9B6B726921106003A602F /* ConversionScreen.swift in Sources */ = {isa = PBXBuildFile; fileRef = A8A9B6B1269210FA003A602F /* ConversionScreen.swift */; };
		A8A9B6BC26921109003A602F /* ConversionScreen.swift in Sources */ = {isa = PBXBuildFile; fileRef = A8A9B6B1269210FA003A602F /* ConversionScreen.swift */; };
		A8A9B6CC269212C8003A602F /* UnitsConversionTableViewCell.swift in Sources */ = {isa = PBXBuildFile; fileRef = A8A9B6CB269212C8003A602F /* UnitsConversionTableViewCell.swift */; };
		A8A9B6CD269212C8003A602F /* UnitsConversionTableViewCell.swift in Sources */ = {isa = PBXBuildFile; fileRef = A8A9B6CB269212C8003A602F /* UnitsConversionTableViewCell.swift */; };
		A8A9B6CE269212C8003A602F /* UnitsConversionTableViewCell.swift in Sources */ = {isa = PBXBuildFile; fileRef = A8A9B6CB269212C8003A602F /* UnitsConversionTableViewCell.swift */; };
		A8A9B6D426922FAD003A602F /* UnitButton.swift in Sources */ = {isa = PBXBuildFile; fileRef = A8A9B6D326922FAD003A602F /* UnitButton.swift */; };
		A8A9B6D526922FAD003A602F /* UnitButton.swift in Sources */ = {isa = PBXBuildFile; fileRef = A8A9B6D326922FAD003A602F /* UnitButton.swift */; };
		A8A9B6D626922FAD003A602F /* UnitButton.swift in Sources */ = {isa = PBXBuildFile; fileRef = A8A9B6D326922FAD003A602F /* UnitButton.swift */; };
		A8A9B6DC26923C7B003A602F /* AmountTextField.swift in Sources */ = {isa = PBXBuildFile; fileRef = A8A9B6DB26923C7B003A602F /* AmountTextField.swift */; };
		A8A9B6DD26923C7B003A602F /* AmountTextField.swift in Sources */ = {isa = PBXBuildFile; fileRef = A8A9B6DB26923C7B003A602F /* AmountTextField.swift */; };
		A8A9B6DE26923C7B003A602F /* AmountTextField.swift in Sources */ = {isa = PBXBuildFile; fileRef = A8A9B6DB26923C7B003A602F /* AmountTextField.swift */; };
		A8C1E08126917B95001DE65C /* UnitSelectionButtonOld.swift in Sources */ = {isa = PBXBuildFile; fileRef = A8734AD52691471100D25DE5 /* UnitSelectionButtonOld.swift */; };
		A8C1E08F26917C22001DE65C /* CurrencyConverter.xcdatamodeld in Sources */ = {isa = PBXBuildFile; fileRef = A8FFBCCC268F572200CA8247 /* CurrencyConverter.xcdatamodeld */; };
		A8C1E09026917C22001DE65C /* AppDelegate.swift in Sources */ = {isa = PBXBuildFile; fileRef = A8FFBCC3268F572200CA8247 /* AppDelegate.swift */; };
		A8C1E09126917C22001DE65C /* ConversionScreenOld.swift in Sources */ = {isa = PBXBuildFile; fileRef = A8F84072268FCC710043F9F8 /* ConversionScreenOld.swift */; };
		A8C1E09226917C22001DE65C /* AppConstants.swift in Sources */ = {isa = PBXBuildFile; fileRef = A8F840B4268FDA020043F9F8 /* AppConstants.swift */; };
		A8C1E09326917C22001DE65C /* SelectionViewController.swift in Sources */ = {isa = PBXBuildFile; fileRef = A8F840EB268FE6E50043F9F8 /* SelectionViewController.swift */; };
		A8C1E09426917C22001DE65C /* CodeView.swift in Sources */ = {isa = PBXBuildFile; fileRef = A8F84079268FCD380043F9F8 /* CodeView.swift */; };
		A8C1E09526917C22001DE65C /* CurrencyConverterViewController.swift in Sources */ = {isa = PBXBuildFile; fileRef = A8734AF026916E3500D25DE5 /* CurrencyConverterViewController.swift */; };
		A8C1E09626917C22001DE65C /* ParentCodeView.swift in Sources */ = {isa = PBXBuildFile; fileRef = A8F84082268FCD7C0043F9F8 /* ParentCodeView.swift */; };
		A8C1E09726917C22001DE65C /* SceneDelegate.swift in Sources */ = {isa = PBXBuildFile; fileRef = A8FFBCC5268F572200CA8247 /* SceneDelegate.swift */; };
		A8C1E09826917C22001DE65C /* SelectionScreen.swift in Sources */ = {isa = PBXBuildFile; fileRef = A8F840F1268FE6FF0043F9F8 /* SelectionScreen.swift */; };
		A8C1E09926917C22001DE65C /* ConversionViewController.swift in Sources */ = {isa = PBXBuildFile; fileRef = A8F8405A268FC1F90043F9F8 /* ConversionViewController.swift */; };
		A8C1E09A26917C22001DE65C /* UnitSelectionButtonOld.swift in Sources */ = {isa = PBXBuildFile; fileRef = A8734AD52691471100D25DE5 /* UnitSelectionButtonOld.swift */; };
		A8C1E09B26917C22001DE65C /* CurrencyUnit.swift in Sources */ = {isa = PBXBuildFile; fileRef = A8F8410426901BBC0043F9F8 /* CurrencyUnit.swift */; };
		A8C1E09E26917C22001DE65C /* Localizable.strings in Resources */ = {isa = PBXBuildFile; fileRef = A8F8409C268FD80A0043F9F8 /* Localizable.strings */; };
		A8C1E09F26917C22001DE65C /* LaunchScreen.storyboard in Resources */ = {isa = PBXBuildFile; fileRef = A8FFBCD1268F572200CA8247 /* LaunchScreen.storyboard */; };
		A8C1E0A026917C22001DE65C /* Assets.xcassets in Resources */ = {isa = PBXBuildFile; fileRef = A8FFBCCF268F572200CA8247 /* Assets.xcassets */; };
		A8C1E0B326917CEA001DE65C /* CurrencyConverterViewController+Debugging.swift in Sources */ = {isa = PBXBuildFile; fileRef = A8C1E0B226917CEA001DE65C /* CurrencyConverterViewController+Debugging.swift */; };
		A8C1E0C5269184FC001DE65C /* CurrencyAmountTextFieldOld.swift in Sources */ = {isa = PBXBuildFile; fileRef = A8C1E0C4269184FC001DE65C /* CurrencyAmountTextFieldOld.swift */; };
		A8C1E0C6269184FC001DE65C /* CurrencyAmountTextFieldOld.swift in Sources */ = {isa = PBXBuildFile; fileRef = A8C1E0C4269184FC001DE65C /* CurrencyAmountTextFieldOld.swift */; };
		A8C1E0C7269184FC001DE65C /* CurrencyAmountTextFieldOld.swift in Sources */ = {isa = PBXBuildFile; fileRef = A8C1E0C4269184FC001DE65C /* CurrencyAmountTextFieldOld.swift */; };
		A8F8405B268FC1F90043F9F8 /* ConversionViewController.swift in Sources */ = {isa = PBXBuildFile; fileRef = A8F8405A268FC1F90043F9F8 /* ConversionViewController.swift */; };
		A8F8405C268FC1F90043F9F8 /* ConversionViewController.swift in Sources */ = {isa = PBXBuildFile; fileRef = A8F8405A268FC1F90043F9F8 /* ConversionViewController.swift */; };
		A8F84073268FCC710043F9F8 /* ConversionScreenOld.swift in Sources */ = {isa = PBXBuildFile; fileRef = A8F84072268FCC710043F9F8 /* ConversionScreenOld.swift */; };
		A8F84074268FCC710043F9F8 /* ConversionScreenOld.swift in Sources */ = {isa = PBXBuildFile; fileRef = A8F84072268FCC710043F9F8 /* ConversionScreenOld.swift */; };
		A8F8407A268FCD380043F9F8 /* CodeView.swift in Sources */ = {isa = PBXBuildFile; fileRef = A8F84079268FCD380043F9F8 /* CodeView.swift */; };
		A8F8407B268FCD380043F9F8 /* CodeView.swift in Sources */ = {isa = PBXBuildFile; fileRef = A8F84079268FCD380043F9F8 /* CodeView.swift */; };
		A8F84083268FCD7C0043F9F8 /* ParentCodeView.swift in Sources */ = {isa = PBXBuildFile; fileRef = A8F84082268FCD7C0043F9F8 /* ParentCodeView.swift */; };
		A8F84084268FCD7C0043F9F8 /* ParentCodeView.swift in Sources */ = {isa = PBXBuildFile; fileRef = A8F84082268FCD7C0043F9F8 /* ParentCodeView.swift */; };
		A8F84099268FD80A0043F9F8 /* Localizable.strings in Resources */ = {isa = PBXBuildFile; fileRef = A8F8409C268FD80A0043F9F8 /* Localizable.strings */; };
		A8F8409A268FD80A0043F9F8 /* Localizable.strings in Resources */ = {isa = PBXBuildFile; fileRef = A8F8409C268FD80A0043F9F8 /* Localizable.strings */; };
		A8F840B5268FDA020043F9F8 /* AppConstants.swift in Sources */ = {isa = PBXBuildFile; fileRef = A8F840B4268FDA020043F9F8 /* AppConstants.swift */; };
		A8F840B6268FDA020043F9F8 /* AppConstants.swift in Sources */ = {isa = PBXBuildFile; fileRef = A8F840B4268FDA020043F9F8 /* AppConstants.swift */; };
		A8F840EC268FE6E50043F9F8 /* SelectionViewController.swift in Sources */ = {isa = PBXBuildFile; fileRef = A8F840EB268FE6E50043F9F8 /* SelectionViewController.swift */; };
		A8F840ED268FE6E50043F9F8 /* SelectionViewController.swift in Sources */ = {isa = PBXBuildFile; fileRef = A8F840EB268FE6E50043F9F8 /* SelectionViewController.swift */; };
		A8F840F2268FE6FF0043F9F8 /* SelectionScreen.swift in Sources */ = {isa = PBXBuildFile; fileRef = A8F840F1268FE6FF0043F9F8 /* SelectionScreen.swift */; };
		A8F840F3268FE6FF0043F9F8 /* SelectionScreen.swift in Sources */ = {isa = PBXBuildFile; fileRef = A8F840F1268FE6FF0043F9F8 /* SelectionScreen.swift */; };
		A8F8410526901BBC0043F9F8 /* CurrencyUnit.swift in Sources */ = {isa = PBXBuildFile; fileRef = A8F8410426901BBC0043F9F8 /* CurrencyUnit.swift */; };
		A8F8410626901BBC0043F9F8 /* CurrencyUnit.swift in Sources */ = {isa = PBXBuildFile; fileRef = A8F8410426901BBC0043F9F8 /* CurrencyUnit.swift */; };
		A8FFBCC4268F572200CA8247 /* AppDelegate.swift in Sources */ = {isa = PBXBuildFile; fileRef = A8FFBCC3268F572200CA8247 /* AppDelegate.swift */; };
		A8FFBCC6268F572200CA8247 /* SceneDelegate.swift in Sources */ = {isa = PBXBuildFile; fileRef = A8FFBCC5268F572200CA8247 /* SceneDelegate.swift */; };
		A8FFBCCE268F572200CA8247 /* CurrencyConverter.xcdatamodeld in Sources */ = {isa = PBXBuildFile; fileRef = A8FFBCCC268F572200CA8247 /* CurrencyConverter.xcdatamodeld */; };
		A8FFBCD0268F572200CA8247 /* Assets.xcassets in Resources */ = {isa = PBXBuildFile; fileRef = A8FFBCCF268F572200CA8247 /* Assets.xcassets */; };
		A8FFBCD3268F572200CA8247 /* LaunchScreen.storyboard in Resources */ = {isa = PBXBuildFile; fileRef = A8FFBCD1268F572200CA8247 /* LaunchScreen.storyboard */; };
		A8FFBCDE268F572200CA8247 /* CurrencyConverterTests.swift in Sources */ = {isa = PBXBuildFile; fileRef = A8FFBCDD268F572200CA8247 /* CurrencyConverterTests.swift */; };
		A8FFBCE9268F572200CA8247 /* CurrencyConverterUITests.swift in Sources */ = {isa = PBXBuildFile; fileRef = A8FFBCE8268F572200CA8247 /* CurrencyConverterUITests.swift */; };
/* End PBXBuildFile section */

/* Begin PBXContainerItemProxy section */
		A8FFBCDA268F572200CA8247 /* PBXContainerItemProxy */ = {
			isa = PBXContainerItemProxy;
			containerPortal = A8FFBCB8268F572200CA8247 /* Project object */;
			proxyType = 1;
			remoteGlobalIDString = A8FFBCBF268F572200CA8247;
			remoteInfo = CurrencyConverter;
		};
		A8FFBCE5268F572200CA8247 /* PBXContainerItemProxy */ = {
			isa = PBXContainerItemProxy;
			containerPortal = A8FFBCB8268F572200CA8247 /* Project object */;
			proxyType = 1;
			remoteGlobalIDString = A8FFBCBF268F572200CA8247;
			remoteInfo = CurrencyConverter;
		};
/* End PBXContainerItemProxy section */

/* Begin PBXFileReference section */
		A812697626927FE300E224D1 /* UnitsConversionTableView.swift */ = {isa = PBXFileReference; lastKnownFileType = sourcecode.swift; path = UnitsConversionTableView.swift; sourceTree = "<group>"; };
		A8734AD52691471100D25DE5 /* UnitSelectionButtonOld.swift */ = {isa = PBXFileReference; lastKnownFileType = sourcecode.swift; path = UnitSelectionButtonOld.swift; sourceTree = "<group>"; };
		A8734AF026916E3500D25DE5 /* CurrencyConverterViewController.swift */ = {isa = PBXFileReference; lastKnownFileType = sourcecode.swift; path = CurrencyConverterViewController.swift; sourceTree = "<group>"; };
		A8A9B6B1269210FA003A602F /* ConversionScreen.swift */ = {isa = PBXFileReference; lastKnownFileType = sourcecode.swift; path = ConversionScreen.swift; sourceTree = "<group>"; };
		A8A9B6CB269212C8003A602F /* UnitsConversionTableViewCell.swift */ = {isa = PBXFileReference; lastKnownFileType = sourcecode.swift; path = UnitsConversionTableViewCell.swift; sourceTree = "<group>"; };
		A8A9B6D326922FAD003A602F /* UnitButton.swift */ = {isa = PBXFileReference; lastKnownFileType = sourcecode.swift; path = UnitButton.swift; sourceTree = "<group>"; };
		A8A9B6DB26923C7B003A602F /* AmountTextField.swift */ = {isa = PBXFileReference; lastKnownFileType = sourcecode.swift; path = AmountTextField.swift; sourceTree = "<group>"; };
		A8C1E0A426917C22001DE65C /* CurrencyConverterDebugging.app */ = {isa = PBXFileReference; explicitFileType = wrapper.application; includeInIndex = 0; path = CurrencyConverterDebugging.app; sourceTree = BUILT_PRODUCTS_DIR; };
		A8C1E0A926917C22001DE65C /* CurrencyConverter copy-Info.plist */ = {isa = PBXFileReference; lastKnownFileType = text.plist.xml; name = "CurrencyConverter copy-Info.plist"; path = "/Users/lucasmac/desafio-mobile/CurrencyConverter/CurrencyConverter copy-Info.plist"; sourceTree = "<absolute>"; };
		A8C1E0B226917CEA001DE65C /* CurrencyConverterViewController+Debugging.swift */ = {isa = PBXFileReference; lastKnownFileType = sourcecode.swift; path = "CurrencyConverterViewController+Debugging.swift"; sourceTree = "<group>"; };
		A8C1E0C4269184FC001DE65C /* CurrencyAmountTextFieldOld.swift */ = {isa = PBXFileReference; lastKnownFileType = sourcecode.swift; path = CurrencyAmountTextFieldOld.swift; sourceTree = "<group>"; };
		A8F8405A268FC1F90043F9F8 /* ConversionViewController.swift */ = {isa = PBXFileReference; lastKnownFileType = sourcecode.swift; path = ConversionViewController.swift; sourceTree = "<group>"; };
		A8F84072268FCC710043F9F8 /* ConversionScreenOld.swift */ = {isa = PBXFileReference; lastKnownFileType = sourcecode.swift; path = ConversionScreenOld.swift; sourceTree = "<group>"; };
		A8F84079268FCD380043F9F8 /* CodeView.swift */ = {isa = PBXFileReference; lastKnownFileType = sourcecode.swift; path = CodeView.swift; sourceTree = "<group>"; };
		A8F84082268FCD7C0043F9F8 /* ParentCodeView.swift */ = {isa = PBXFileReference; lastKnownFileType = sourcecode.swift; path = ParentCodeView.swift; sourceTree = "<group>"; };
		A8F8408F268FD79B0043F9F8 /* pt-BR */ = {isa = PBXFileReference; lastKnownFileType = text.plist.strings; name = "pt-BR"; path = "pt-BR.lproj/LaunchScreen.strings"; sourceTree = "<group>"; };
		A8F8409B268FD80A0043F9F8 /* en */ = {isa = PBXFileReference; lastKnownFileType = text.plist.strings; name = en; path = en.lproj/Localizable.strings; sourceTree = "<group>"; };
		A8F840B4268FDA020043F9F8 /* AppConstants.swift */ = {isa = PBXFileReference; lastKnownFileType = sourcecode.swift; path = AppConstants.swift; sourceTree = "<group>"; };
		A8F840DB268FE2080043F9F8 /* pt-BR */ = {isa = PBXFileReference; lastKnownFileType = text.plist.strings; name = "pt-BR"; path = "pt-BR.lproj/Localizable.strings"; sourceTree = "<group>"; };
		A8F840EB268FE6E50043F9F8 /* SelectionViewController.swift */ = {isa = PBXFileReference; lastKnownFileType = sourcecode.swift; path = SelectionViewController.swift; sourceTree = "<group>"; };
		A8F840F1268FE6FF0043F9F8 /* SelectionScreen.swift */ = {isa = PBXFileReference; lastKnownFileType = sourcecode.swift; path = SelectionScreen.swift; sourceTree = "<group>"; };
		A8F8410426901BBC0043F9F8 /* CurrencyUnit.swift */ = {isa = PBXFileReference; lastKnownFileType = sourcecode.swift; path = CurrencyUnit.swift; sourceTree = "<group>"; };
		A8FFBCC0268F572200CA8247 /* CurrencyConverter.app */ = {isa = PBXFileReference; explicitFileType = wrapper.application; includeInIndex = 0; path = CurrencyConverter.app; sourceTree = BUILT_PRODUCTS_DIR; };
		A8FFBCC3268F572200CA8247 /* AppDelegate.swift */ = {isa = PBXFileReference; lastKnownFileType = sourcecode.swift; path = AppDelegate.swift; sourceTree = "<group>"; };
		A8FFBCC5268F572200CA8247 /* SceneDelegate.swift */ = {isa = PBXFileReference; lastKnownFileType = sourcecode.swift; path = SceneDelegate.swift; sourceTree = "<group>"; };
		A8FFBCCD268F572200CA8247 /* CurrencyConverter.xcdatamodel */ = {isa = PBXFileReference; lastKnownFileType = wrapper.xcdatamodel; path = CurrencyConverter.xcdatamodel; sourceTree = "<group>"; };
		A8FFBCCF268F572200CA8247 /* Assets.xcassets */ = {isa = PBXFileReference; lastKnownFileType = folder.assetcatalog; path = Assets.xcassets; sourceTree = "<group>"; };
		A8FFBCD2268F572200CA8247 /* Base */ = {isa = PBXFileReference; lastKnownFileType = file.storyboard; name = Base; path = Base.lproj/LaunchScreen.storyboard; sourceTree = "<group>"; };
		A8FFBCD4268F572200CA8247 /* Info.plist */ = {isa = PBXFileReference; lastKnownFileType = text.plist.xml; path = Info.plist; sourceTree = "<group>"; };
		A8FFBCD9268F572200CA8247 /* CurrencyConverterTests.xctest */ = {isa = PBXFileReference; explicitFileType = wrapper.cfbundle; includeInIndex = 0; path = CurrencyConverterTests.xctest; sourceTree = BUILT_PRODUCTS_DIR; };
		A8FFBCDD268F572200CA8247 /* CurrencyConverterTests.swift */ = {isa = PBXFileReference; lastKnownFileType = sourcecode.swift; path = CurrencyConverterTests.swift; sourceTree = "<group>"; };
		A8FFBCDF268F572200CA8247 /* Info.plist */ = {isa = PBXFileReference; lastKnownFileType = text.plist.xml; path = Info.plist; sourceTree = "<group>"; };
		A8FFBCE4268F572200CA8247 /* CurrencyConverterUITests.xctest */ = {isa = PBXFileReference; explicitFileType = wrapper.cfbundle; includeInIndex = 0; path = CurrencyConverterUITests.xctest; sourceTree = BUILT_PRODUCTS_DIR; };
		A8FFBCE8268F572200CA8247 /* CurrencyConverterUITests.swift */ = {isa = PBXFileReference; lastKnownFileType = sourcecode.swift; path = CurrencyConverterUITests.swift; sourceTree = "<group>"; };
		A8FFBCEA268F572200CA8247 /* Info.plist */ = {isa = PBXFileReference; lastKnownFileType = text.plist.xml; path = Info.plist; sourceTree = "<group>"; };
/* End PBXFileReference section */

/* Begin PBXFrameworksBuildPhase section */
		A8C1E09C26917C22001DE65C /* Frameworks */ = {
			isa = PBXFrameworksBuildPhase;
			buildActionMask = 2147483647;
			files = (
			);
			runOnlyForDeploymentPostprocessing = 0;
		};
		A8FFBCBD268F572200CA8247 /* Frameworks */ = {
			isa = PBXFrameworksBuildPhase;
			buildActionMask = 2147483647;
			files = (
			);
			runOnlyForDeploymentPostprocessing = 0;
		};
		A8FFBCD6268F572200CA8247 /* Frameworks */ = {
			isa = PBXFrameworksBuildPhase;
			buildActionMask = 2147483647;
			files = (
			);
			runOnlyForDeploymentPostprocessing = 0;
		};
		A8FFBCE1268F572200CA8247 /* Frameworks */ = {
			isa = PBXFrameworksBuildPhase;
			buildActionMask = 2147483647;
			files = (
			);
			runOnlyForDeploymentPostprocessing = 0;
		};
/* End PBXFrameworksBuildPhase section */

/* Begin PBXGroup section */
		A8734AD4269146EF00D25DE5 /* Components */ = {
			isa = PBXGroup;
			children = (
				A8734AD52691471100D25DE5 /* UnitSelectionButtonOld.swift */,
				A8C1E0C4269184FC001DE65C /* CurrencyAmountTextFieldOld.swift */,
			);
			path = Components;
			sourceTree = "<group>";
		};
		A8734AE626916C9300D25DE5 /* Extensions */ = {
			isa = PBXGroup;
			children = (
				A8C1E0B226917CEA001DE65C /* CurrencyConverterViewController+Debugging.swift */,
			);
			path = Extensions;
			sourceTree = "<group>";
		};
		A8A9B6C12692126A003A602F /* Components */ = {
			isa = PBXGroup;
			children = (
				A812697626927FE300E224D1 /* UnitsConversionTableView.swift */,
				A8A9B6CB269212C8003A602F /* UnitsConversionTableViewCell.swift */,
				A8A9B6D326922FAD003A602F /* UnitButton.swift */,
				A8A9B6DB26923C7B003A602F /* AmountTextField.swift */,
			);
			path = Components;
			sourceTree = "<group>";
		};
		A8A9B6C226921270003A602F /* ScrollView(Old) */ = {
			isa = PBXGroup;
			children = (
				A8734AD4269146EF00D25DE5 /* Components */,
				A8F84072268FCC710043F9F8 /* ConversionScreenOld.swift */,
			);
			path = "ScrollView(Old)";
			sourceTree = "<group>";
		};
		A8C1E0412691760F001DE65C /* Commons */ = {
			isa = PBXGroup;
			children = (
				A8F840FA26901B880043F9F8 /* Model */,
				A8F840B3268FD9E00043F9F8 /* Constants */,
				A8F84078268FCD1C0043F9F8 /* Protocols */,
				A8734AE626916C9300D25DE5 /* Extensions */,
				A8C1E0422691766E001DE65C /* Helper */,
			);
			path = Commons;
			sourceTree = "<group>";
		};
		A8C1E0422691766E001DE65C /* Helper */ = {
			isa = PBXGroup;
			children = (
			);
			path = Helper;
			sourceTree = "<group>";
		};
		A8F8403D268FA2570043F9F8 /* Selection */ = {
			isa = PBXGroup;
			children = (
				A8F840EB268FE6E50043F9F8 /* SelectionViewController.swift */,
				A8F840F1268FE6FF0043F9F8 /* SelectionScreen.swift */,
			);
			path = Selection;
			sourceTree = "<group>";
		};
		A8F84056268FB7040043F9F8 /* Network */ = {
			isa = PBXGroup;
			children = (
			);
			path = Network;
			sourceTree = "<group>";
		};
		A8F84078268FCD1C0043F9F8 /* Protocols */ = {
			isa = PBXGroup;
			children = (
				A8F84079268FCD380043F9F8 /* CodeView.swift */,
				A8F84082268FCD7C0043F9F8 /* ParentCodeView.swift */,
			);
			path = Protocols;
			sourceTree = "<group>";
		};
		A8F840A1268FD8A90043F9F8 /* Language */ = {
			isa = PBXGroup;
			children = (
				A8F8409C268FD80A0043F9F8 /* Localizable.strings */,
			);
			path = Language;
			sourceTree = "<group>";
		};
		A8F840A2268FD8CB0043F9F8 /* Delegate */ = {
			isa = PBXGroup;
			children = (
				A8FFBCC3268F572200CA8247 /* AppDelegate.swift */,
				A8FFBCC5268F572200CA8247 /* SceneDelegate.swift */,
			);
			path = Delegate;
			sourceTree = "<group>";
		};
		A8F840B3268FD9E00043F9F8 /* Constants */ = {
			isa = PBXGroup;
			children = (
				A8F840B4268FDA020043F9F8 /* AppConstants.swift */,
			);
			path = Constants;
			sourceTree = "<group>";
		};
		A8F840FA26901B880043F9F8 /* Model */ = {
			isa = PBXGroup;
			children = (
				A8F8410426901BBC0043F9F8 /* CurrencyUnit.swift */,
			);
			path = Model;
			sourceTree = "<group>";
		};
		A8FFBCB7268F572200CA8247 = {
			isa = PBXGroup;
			children = (
				A8FFBCC2268F572200CA8247 /* CurrencyConverter */,
				A8FFBCDC268F572200CA8247 /* CurrencyConverterTests */,
				A8FFBCE7268F572200CA8247 /* CurrencyConverterUITests */,
				A8FFBCC1268F572200CA8247 /* Products */,
				A8C1E0A926917C22001DE65C /* CurrencyConverter copy-Info.plist */,
			);
			sourceTree = "<group>";
		};
		A8FFBCC1268F572200CA8247 /* Products */ = {
			isa = PBXGroup;
			children = (
				A8FFBCC0268F572200CA8247 /* CurrencyConverter.app */,
				A8FFBCD9268F572200CA8247 /* CurrencyConverterTests.xctest */,
				A8FFBCE4268F572200CA8247 /* CurrencyConverterUITests.xctest */,
				A8C1E0A426917C22001DE65C /* CurrencyConverterDebugging.app */,
			);
			name = Products;
			sourceTree = "<group>";
		};
		A8FFBCC2268F572200CA8247 /* CurrencyConverter */ = {
			isa = PBXGroup;
			children = (
				A8FFBD02268F5A3300CA8247 /* Application */,
				A8F84056268FB7040043F9F8 /* Network */,
				A8C1E0412691760F001DE65C /* Commons */,
				A8FFBD03268F5A5B00CA8247 /* Scenes */,
			);
			path = CurrencyConverter;
			sourceTree = "<group>";
		};
		A8FFBCDC268F572200CA8247 /* CurrencyConverterTests */ = {
			isa = PBXGroup;
			children = (
				A8FFBCDD268F572200CA8247 /* CurrencyConverterTests.swift */,
				A8FFBCDF268F572200CA8247 /* Info.plist */,
			);
			path = CurrencyConverterTests;
			sourceTree = "<group>";
		};
		A8FFBCE7268F572200CA8247 /* CurrencyConverterUITests */ = {
			isa = PBXGroup;
			children = (
				A8FFBCE8268F572200CA8247 /* CurrencyConverterUITests.swift */,
				A8FFBCEA268F572200CA8247 /* Info.plist */,
			);
			path = CurrencyConverterUITests;
			sourceTree = "<group>";
		};
		A8FFBD02268F5A3300CA8247 /* Application */ = {
			isa = PBXGroup;
			children = (
				A8F840A1268FD8A90043F9F8 /* Language */,
				A8F840A2268FD8CB0043F9F8 /* Delegate */,
				A8FFBCD1268F572200CA8247 /* LaunchScreen.storyboard */,
				A8FFBCD4268F572200CA8247 /* Info.plist */,
				A8FFBCCF268F572200CA8247 /* Assets.xcassets */,
				A8FFBCCC268F572200CA8247 /* CurrencyConverter.xcdatamodeld */,
			);
			path = Application;
			sourceTree = "<group>";
		};
		A8FFBD03268F5A5B00CA8247 /* Scenes */ = {
			isa = PBXGroup;
			children = (
				A8734AF026916E3500D25DE5 /* CurrencyConverterViewController.swift */,
				A8FFBD04268F5A7800CA8247 /* Conversion */,
				A8F8403D268FA2570043F9F8 /* Selection */,
			);
			path = Scenes;
			sourceTree = "<group>";
		};
		A8FFBD04268F5A7800CA8247 /* Conversion */ = {
			isa = PBXGroup;
			children = (
				A8F8405A268FC1F90043F9F8 /* ConversionViewController.swift */,
				A8A9B6B1269210FA003A602F /* ConversionScreen.swift */,
				A8A9B6C12692126A003A602F /* Components */,
				A8A9B6C226921270003A602F /* ScrollView(Old) */,
			);
			path = Conversion;
			sourceTree = "<group>";
		};
/* End PBXGroup section */

/* Begin PBXNativeTarget section */
		A8C1E08D26917C22001DE65C /* CurrencyConverterDebugging */ = {
			isa = PBXNativeTarget;
			buildConfigurationList = A8C1E0A126917C22001DE65C /* Build configuration list for PBXNativeTarget "CurrencyConverterDebugging" */;
			buildPhases = (
				A8C1E08E26917C22001DE65C /* Sources */,
				A8C1E09C26917C22001DE65C /* Frameworks */,
				A8C1E09D26917C22001DE65C /* Resources */,
			);
			buildRules = (
			);
			dependencies = (
			);
			name = CurrencyConverterDebugging;
			productName = CurrencyConverter;
			productReference = A8C1E0A426917C22001DE65C /* CurrencyConverterDebugging.app */;
			productType = "com.apple.product-type.application";
		};
		A8FFBCBF268F572200CA8247 /* CurrencyConverter */ = {
			isa = PBXNativeTarget;
			buildConfigurationList = A8FFBCED268F572200CA8247 /* Build configuration list for PBXNativeTarget "CurrencyConverter" */;
			buildPhases = (
				A8FFBCBC268F572200CA8247 /* Sources */,
				A8FFBCBD268F572200CA8247 /* Frameworks */,
				A8FFBCBE268F572200CA8247 /* Resources */,
			);
			buildRules = (
			);
			dependencies = (
			);
			name = CurrencyConverter;
			productName = CurrencyConverter;
			productReference = A8FFBCC0268F572200CA8247 /* CurrencyConverter.app */;
			productType = "com.apple.product-type.application";
		};
		A8FFBCD8268F572200CA8247 /* CurrencyConverterTests */ = {
			isa = PBXNativeTarget;
			buildConfigurationList = A8FFBCF0268F572200CA8247 /* Build configuration list for PBXNativeTarget "CurrencyConverterTests" */;
			buildPhases = (
				A8FFBCD5268F572200CA8247 /* Sources */,
				A8FFBCD6268F572200CA8247 /* Frameworks */,
				A8FFBCD7268F572200CA8247 /* Resources */,
			);
			buildRules = (
			);
			dependencies = (
				A8FFBCDB268F572200CA8247 /* PBXTargetDependency */,
			);
			name = CurrencyConverterTests;
			productName = CurrencyConverterTests;
			productReference = A8FFBCD9268F572200CA8247 /* CurrencyConverterTests.xctest */;
			productType = "com.apple.product-type.bundle.unit-test";
		};
		A8FFBCE3268F572200CA8247 /* CurrencyConverterUITests */ = {
			isa = PBXNativeTarget;
			buildConfigurationList = A8FFBCF3268F572200CA8247 /* Build configuration list for PBXNativeTarget "CurrencyConverterUITests" */;
			buildPhases = (
				A8FFBCE0268F572200CA8247 /* Sources */,
				A8FFBCE1268F572200CA8247 /* Frameworks */,
				A8FFBCE2268F572200CA8247 /* Resources */,
			);
			buildRules = (
			);
			dependencies = (
				A8FFBCE6268F572200CA8247 /* PBXTargetDependency */,
			);
			name = CurrencyConverterUITests;
			productName = CurrencyConverterUITests;
			productReference = A8FFBCE4268F572200CA8247 /* CurrencyConverterUITests.xctest */;
			productType = "com.apple.product-type.bundle.ui-testing";
		};
/* End PBXNativeTarget section */

/* Begin PBXProject section */
		A8FFBCB8268F572200CA8247 /* Project object */ = {
			isa = PBXProject;
			attributes = {
				LastSwiftUpdateCheck = 1240;
				LastUpgradeCheck = 1240;
				TargetAttributes = {
					A8FFBCBF268F572200CA8247 = {
						CreatedOnToolsVersion = 12.4;
					};
					A8FFBCD8268F572200CA8247 = {
						CreatedOnToolsVersion = 12.4;
						TestTargetID = A8FFBCBF268F572200CA8247;
					};
					A8FFBCE3268F572200CA8247 = {
						CreatedOnToolsVersion = 12.4;
						TestTargetID = A8FFBCBF268F572200CA8247;
					};
				};
			};
			buildConfigurationList = A8FFBCBB268F572200CA8247 /* Build configuration list for PBXProject "CurrencyConverter" */;
			compatibilityVersion = "Xcode 9.3";
			developmentRegion = en;
			hasScannedForEncodings = 0;
			knownRegions = (
				en,
				Base,
				"pt-BR",
			);
			mainGroup = A8FFBCB7268F572200CA8247;
			productRefGroup = A8FFBCC1268F572200CA8247 /* Products */;
			projectDirPath = "";
			projectRoot = "";
			targets = (
				A8FFBCBF268F572200CA8247 /* CurrencyConverter */,
				A8FFBCD8268F572200CA8247 /* CurrencyConverterTests */,
				A8FFBCE3268F572200CA8247 /* CurrencyConverterUITests */,
				A8C1E08D26917C22001DE65C /* CurrencyConverterDebugging */,
			);
		};
/* End PBXProject section */

/* Begin PBXResourcesBuildPhase section */
		A8C1E09D26917C22001DE65C /* Resources */ = {
			isa = PBXResourcesBuildPhase;
			buildActionMask = 2147483647;
			files = (
				A8C1E09E26917C22001DE65C /* Localizable.strings in Resources */,
				A8C1E09F26917C22001DE65C /* LaunchScreen.storyboard in Resources */,
				A8C1E0A026917C22001DE65C /* Assets.xcassets in Resources */,
			);
			runOnlyForDeploymentPostprocessing = 0;
		};
		A8FFBCBE268F572200CA8247 /* Resources */ = {
			isa = PBXResourcesBuildPhase;
			buildActionMask = 2147483647;
			files = (
				A8F84099268FD80A0043F9F8 /* Localizable.strings in Resources */,
				A8FFBCD3268F572200CA8247 /* LaunchScreen.storyboard in Resources */,
				A8FFBCD0268F572200CA8247 /* Assets.xcassets in Resources */,
			);
			runOnlyForDeploymentPostprocessing = 0;
		};
		A8FFBCD7268F572200CA8247 /* Resources */ = {
			isa = PBXResourcesBuildPhase;
			buildActionMask = 2147483647;
			files = (
				A8F8409A268FD80A0043F9F8 /* Localizable.strings in Resources */,
			);
			runOnlyForDeploymentPostprocessing = 0;
		};
		A8FFBCE2268F572200CA8247 /* Resources */ = {
			isa = PBXResourcesBuildPhase;
			buildActionMask = 2147483647;
			files = (
			);
			runOnlyForDeploymentPostprocessing = 0;
		};
/* End PBXResourcesBuildPhase section */

/* Begin PBXSourcesBuildPhase section */
		A8C1E08E26917C22001DE65C /* Sources */ = {
			isa = PBXSourcesBuildPhase;
			buildActionMask = 2147483647;
			files = (
				A8C1E08F26917C22001DE65C /* CurrencyConverter.xcdatamodeld in Sources */,
				A8C1E09026917C22001DE65C /* AppDelegate.swift in Sources */,
				A8C1E09126917C22001DE65C /* ConversionScreenOld.swift in Sources */,
				A8A9B6D626922FAD003A602F /* UnitButton.swift in Sources */,
				A8C1E09226917C22001DE65C /* AppConstants.swift in Sources */,
				A8C1E09326917C22001DE65C /* SelectionViewController.swift in Sources */,
				A8C1E09426917C22001DE65C /* CodeView.swift in Sources */,
				A8A9B6B726921106003A602F /* ConversionScreen.swift in Sources */,
				A8C1E09526917C22001DE65C /* CurrencyConverterViewController.swift in Sources */,
				A8C1E0B326917CEA001DE65C /* CurrencyConverterViewController+Debugging.swift in Sources */,
				A8C1E0C7269184FC001DE65C /* CurrencyAmountTextFieldOld.swift in Sources */,
				A8C1E09626917C22001DE65C /* ParentCodeView.swift in Sources */,
				A8C1E09726917C22001DE65C /* SceneDelegate.swift in Sources */,
				A8C1E09826917C22001DE65C /* SelectionScreen.swift in Sources */,
				A8C1E09926917C22001DE65C /* ConversionViewController.swift in Sources */,
				A8C1E09A26917C22001DE65C /* UnitSelectionButtonOld.swift in Sources */,
				A8C1E09B26917C22001DE65C /* CurrencyUnit.swift in Sources */,
				A812697926927FE300E224D1 /* UnitsConversionTableView.swift in Sources */,
				A8A9B6DE26923C7B003A602F /* AmountTextField.swift in Sources */,
				A8A9B6CE269212C8003A602F /* UnitsConversionTableViewCell.swift in Sources */,
			);
			runOnlyForDeploymentPostprocessing = 0;
		};
		A8FFBCBC268F572200CA8247 /* Sources */ = {
			isa = PBXSourcesBuildPhase;
			buildActionMask = 2147483647;
			files = (
				A8A9B6D426922FAD003A602F /* UnitButton.swift in Sources */,
				A812697726927FE300E224D1 /* UnitsConversionTableView.swift in Sources */,
				A8C1E0C5269184FC001DE65C /* CurrencyAmountTextFieldOld.swift in Sources */,
				A8FFBCCE268F572200CA8247 /* CurrencyConverter.xcdatamodeld in Sources */,
				A8FFBCC4268F572200CA8247 /* AppDelegate.swift in Sources */,
				A8F84073268FCC710043F9F8 /* ConversionScreenOld.swift in Sources */,
				A8F840B5268FDA020043F9F8 /* AppConstants.swift in Sources */,
				A8F840EC268FE6E50043F9F8 /* SelectionViewController.swift in Sources */,
				A8F8407A268FCD380043F9F8 /* CodeView.swift in Sources */,
				A8734AF126916E3500D25DE5 /* CurrencyConverterViewController.swift in Sources */,
				A8A9B6DC26923C7B003A602F /* AmountTextField.swift in Sources */,
				A8F84083268FCD7C0043F9F8 /* ParentCodeView.swift in Sources */,
				A8FFBCC6268F572200CA8247 /* SceneDelegate.swift in Sources */,
				A8F840F2268FE6FF0043F9F8 /* SelectionScreen.swift in Sources */,
				A8F8405B268FC1F90043F9F8 /* ConversionViewController.swift in Sources */,
				A8734AD62691471100D25DE5 /* UnitSelectionButtonOld.swift in Sources */,
				A8F8410526901BBC0043F9F8 /* CurrencyUnit.swift in Sources */,
				A8A9B6B2269210FA003A602F /* ConversionScreen.swift in Sources */,
				A8A9B6CC269212C8003A602F /* UnitsConversionTableViewCell.swift in Sources */,
			);
			runOnlyForDeploymentPostprocessing = 0;
		};
		A8FFBCD5268F572200CA8247 /* Sources */ = {
			isa = PBXSourcesBuildPhase;
			buildActionMask = 2147483647;
			files = (
				A8A9B6D526922FAD003A602F /* UnitButton.swift in Sources */,
				A8FFBCDE268F572200CA8247 /* CurrencyConverterTests.swift in Sources */,
				A8F840B6268FDA020043F9F8 /* AppConstants.swift in Sources */,
				A8F84084268FCD7C0043F9F8 /* ParentCodeView.swift in Sources */,
				A8734AF226916E3500D25DE5 /* CurrencyConverterViewController.swift in Sources */,
				A8F84074268FCC710043F9F8 /* ConversionScreenOld.swift in Sources */,
				A812697826927FE300E224D1 /* UnitsConversionTableView.swift in Sources */,
				A8A9B6CD269212C8003A602F /* UnitsConversionTableViewCell.swift in Sources */,
				A8F8405C268FC1F90043F9F8 /* ConversionViewController.swift in Sources */,
				A8C1E08126917B95001DE65C /* UnitSelectionButtonOld.swift in Sources */,
				A8F8410626901BBC0043F9F8 /* CurrencyUnit.swift in Sources */,
				A8C1E0C6269184FC001DE65C /* CurrencyAmountTextFieldOld.swift in Sources */,
				A8F8407B268FCD380043F9F8 /* CodeView.swift in Sources */,
				A8F840F3268FE6FF0043F9F8 /* SelectionScreen.swift in Sources */,
				A8A9B6DD26923C7B003A602F /* AmountTextField.swift in Sources */,
				A8A9B6BC26921109003A602F /* ConversionScreen.swift in Sources */,
				A8F840ED268FE6E50043F9F8 /* SelectionViewController.swift in Sources */,
			);
			runOnlyForDeploymentPostprocessing = 0;
		};
		A8FFBCE0268F572200CA8247 /* Sources */ = {
			isa = PBXSourcesBuildPhase;
			buildActionMask = 2147483647;
			files = (
				A8FFBCE9268F572200CA8247 /* CurrencyConverterUITests.swift in Sources */,
			);
			runOnlyForDeploymentPostprocessing = 0;
		};
/* End PBXSourcesBuildPhase section */

/* Begin PBXTargetDependency section */
		A8FFBCDB268F572200CA8247 /* PBXTargetDependency */ = {
			isa = PBXTargetDependency;
			target = A8FFBCBF268F572200CA8247 /* CurrencyConverter */;
			targetProxy = A8FFBCDA268F572200CA8247 /* PBXContainerItemProxy */;
		};
		A8FFBCE6268F572200CA8247 /* PBXTargetDependency */ = {
			isa = PBXTargetDependency;
			target = A8FFBCBF268F572200CA8247 /* CurrencyConverter */;
			targetProxy = A8FFBCE5268F572200CA8247 /* PBXContainerItemProxy */;
		};
/* End PBXTargetDependency section */

/* Begin PBXVariantGroup section */
		A8F8409C268FD80A0043F9F8 /* Localizable.strings */ = {
			isa = PBXVariantGroup;
			children = (
				A8F8409B268FD80A0043F9F8 /* en */,
				A8F840DB268FE2080043F9F8 /* pt-BR */,
			);
			name = Localizable.strings;
			sourceTree = "<group>";
		};
		A8FFBCD1268F572200CA8247 /* LaunchScreen.storyboard */ = {
			isa = PBXVariantGroup;
			children = (
				A8FFBCD2268F572200CA8247 /* Base */,
				A8F8408F268FD79B0043F9F8 /* pt-BR */,
			);
			name = LaunchScreen.storyboard;
			sourceTree = "<group>";
		};
/* End PBXVariantGroup section */

/* Begin XCBuildConfiguration section */
		A8C1E0A226917C22001DE65C /* Debug */ = {
			isa = XCBuildConfiguration;
			buildSettings = {
				ASSETCATALOG_COMPILER_APPICON_NAME = AppIcon;
				ASSETCATALOG_COMPILER_GLOBAL_ACCENT_COLOR_NAME = AccentColor;
				CODE_SIGN_STYLE = Automatic;
				DEVELOPMENT_TEAM = AR7T5G5Z83;
				INFOPLIST_FILE = "CurrencyConverter copy-Info.plist";
				LD_RUNPATH_SEARCH_PATHS = (
					"$(inherited)",
					"@executable_path/Frameworks",
				);
				PRODUCT_BUNDLE_IDENTIFIER = lucaswkuipers.CurrencyConverter;
				PRODUCT_NAME = "$(TARGET_NAME)";
				SWIFT_VERSION = 5.0;
				TARGETED_DEVICE_FAMILY = "1,2";
			};
			name = Debug;
		};
		A8C1E0A326917C22001DE65C /* Release */ = {
			isa = XCBuildConfiguration;
			buildSettings = {
				ASSETCATALOG_COMPILER_APPICON_NAME = AppIcon;
				ASSETCATALOG_COMPILER_GLOBAL_ACCENT_COLOR_NAME = AccentColor;
				CODE_SIGN_STYLE = Automatic;
				DEVELOPMENT_TEAM = AR7T5G5Z83;
				INFOPLIST_FILE = "CurrencyConverter copy-Info.plist";
				LD_RUNPATH_SEARCH_PATHS = (
					"$(inherited)",
					"@executable_path/Frameworks",
				);
				PRODUCT_BUNDLE_IDENTIFIER = lucaswkuipers.CurrencyConverter;
				PRODUCT_NAME = "$(TARGET_NAME)";
				SWIFT_VERSION = 5.0;
				TARGETED_DEVICE_FAMILY = "1,2";
			};
			name = Release;
		};
		A8FFBCEB268F572200CA8247 /* Debug */ = {
			isa = XCBuildConfiguration;
			buildSettings = {
				ALWAYS_SEARCH_USER_PATHS = NO;
				CLANG_ANALYZER_LOCALIZABILITY_NONLOCALIZED = YES;
				CLANG_ANALYZER_NONNULL = YES;
				CLANG_ANALYZER_NUMBER_OBJECT_CONVERSION = YES_AGGRESSIVE;
				CLANG_CXX_LANGUAGE_STANDARD = "gnu++14";
				CLANG_CXX_LIBRARY = "libc++";
				CLANG_ENABLE_MODULES = YES;
				CLANG_ENABLE_OBJC_ARC = YES;
				CLANG_ENABLE_OBJC_WEAK = YES;
				CLANG_WARN_BLOCK_CAPTURE_AUTORELEASING = YES;
				CLANG_WARN_BOOL_CONVERSION = YES;
				CLANG_WARN_COMMA = YES;
				CLANG_WARN_CONSTANT_CONVERSION = YES;
				CLANG_WARN_DEPRECATED_OBJC_IMPLEMENTATIONS = YES;
				CLANG_WARN_DIRECT_OBJC_ISA_USAGE = YES_ERROR;
				CLANG_WARN_DOCUMENTATION_COMMENTS = YES;
				CLANG_WARN_EMPTY_BODY = YES;
				CLANG_WARN_ENUM_CONVERSION = YES;
				CLANG_WARN_INFINITE_RECURSION = YES;
				CLANG_WARN_INT_CONVERSION = YES;
				CLANG_WARN_NON_LITERAL_NULL_CONVERSION = YES;
				CLANG_WARN_OBJC_IMPLICIT_RETAIN_SELF = YES;
				CLANG_WARN_OBJC_LITERAL_CONVERSION = YES;
				CLANG_WARN_OBJC_ROOT_CLASS = YES_ERROR;
				CLANG_WARN_QUOTED_INCLUDE_IN_FRAMEWORK_HEADER = YES;
				CLANG_WARN_RANGE_LOOP_ANALYSIS = YES;
				CLANG_WARN_STRICT_PROTOTYPES = YES;
				CLANG_WARN_SUSPICIOUS_MOVE = YES;
				CLANG_WARN_UNGUARDED_AVAILABILITY = YES_AGGRESSIVE;
				CLANG_WARN_UNREACHABLE_CODE = YES;
				CLANG_WARN__DUPLICATE_METHOD_MATCH = YES;
				COPY_PHASE_STRIP = NO;
				DEBUG_INFORMATION_FORMAT = dwarf;
				ENABLE_STRICT_OBJC_MSGSEND = YES;
				ENABLE_TESTABILITY = YES;
				GCC_C_LANGUAGE_STANDARD = gnu11;
				GCC_DYNAMIC_NO_PIC = NO;
				GCC_NO_COMMON_BLOCKS = YES;
				GCC_OPTIMIZATION_LEVEL = 0;
				GCC_PREPROCESSOR_DEFINITIONS = (
					"DEBUG=1",
					"$(inherited)",
				);
				GCC_WARN_64_TO_32_BIT_CONVERSION = YES;
				GCC_WARN_ABOUT_RETURN_TYPE = YES_ERROR;
				GCC_WARN_UNDECLARED_SELECTOR = YES;
				GCC_WARN_UNINITIALIZED_AUTOS = YES_AGGRESSIVE;
				GCC_WARN_UNUSED_FUNCTION = YES;
				GCC_WARN_UNUSED_VARIABLE = YES;
				IPHONEOS_DEPLOYMENT_TARGET = 14.4;
				MTL_ENABLE_DEBUG_INFO = INCLUDE_SOURCE;
				MTL_FAST_MATH = YES;
				ONLY_ACTIVE_ARCH = YES;
				SDKROOT = iphoneos;
				SWIFT_ACTIVE_COMPILATION_CONDITIONS = DEBUG;
				SWIFT_OPTIMIZATION_LEVEL = "-Onone";
			};
			name = Debug;
		};
		A8FFBCEC268F572200CA8247 /* Release */ = {
			isa = XCBuildConfiguration;
			buildSettings = {
				ALWAYS_SEARCH_USER_PATHS = NO;
				CLANG_ANALYZER_LOCALIZABILITY_NONLOCALIZED = YES;
				CLANG_ANALYZER_NONNULL = YES;
				CLANG_ANALYZER_NUMBER_OBJECT_CONVERSION = YES_AGGRESSIVE;
				CLANG_CXX_LANGUAGE_STANDARD = "gnu++14";
				CLANG_CXX_LIBRARY = "libc++";
				CLANG_ENABLE_MODULES = YES;
				CLANG_ENABLE_OBJC_ARC = YES;
				CLANG_ENABLE_OBJC_WEAK = YES;
				CLANG_WARN_BLOCK_CAPTURE_AUTORELEASING = YES;
				CLANG_WARN_BOOL_CONVERSION = YES;
				CLANG_WARN_COMMA = YES;
				CLANG_WARN_CONSTANT_CONVERSION = YES;
				CLANG_WARN_DEPRECATED_OBJC_IMPLEMENTATIONS = YES;
				CLANG_WARN_DIRECT_OBJC_ISA_USAGE = YES_ERROR;
				CLANG_WARN_DOCUMENTATION_COMMENTS = YES;
				CLANG_WARN_EMPTY_BODY = YES;
				CLANG_WARN_ENUM_CONVERSION = YES;
				CLANG_WARN_INFINITE_RECURSION = YES;
				CLANG_WARN_INT_CONVERSION = YES;
				CLANG_WARN_NON_LITERAL_NULL_CONVERSION = YES;
				CLANG_WARN_OBJC_IMPLICIT_RETAIN_SELF = YES;
				CLANG_WARN_OBJC_LITERAL_CONVERSION = YES;
				CLANG_WARN_OBJC_ROOT_CLASS = YES_ERROR;
				CLANG_WARN_QUOTED_INCLUDE_IN_FRAMEWORK_HEADER = YES;
				CLANG_WARN_RANGE_LOOP_ANALYSIS = YES;
				CLANG_WARN_STRICT_PROTOTYPES = YES;
				CLANG_WARN_SUSPICIOUS_MOVE = YES;
				CLANG_WARN_UNGUARDED_AVAILABILITY = YES_AGGRESSIVE;
				CLANG_WARN_UNREACHABLE_CODE = YES;
				CLANG_WARN__DUPLICATE_METHOD_MATCH = YES;
				COPY_PHASE_STRIP = NO;
				DEBUG_INFORMATION_FORMAT = "dwarf-with-dsym";
				ENABLE_NS_ASSERTIONS = NO;
				ENABLE_STRICT_OBJC_MSGSEND = YES;
				GCC_C_LANGUAGE_STANDARD = gnu11;
				GCC_NO_COMMON_BLOCKS = YES;
				GCC_WARN_64_TO_32_BIT_CONVERSION = YES;
				GCC_WARN_ABOUT_RETURN_TYPE = YES_ERROR;
				GCC_WARN_UNDECLARED_SELECTOR = YES;
				GCC_WARN_UNINITIALIZED_AUTOS = YES_AGGRESSIVE;
				GCC_WARN_UNUSED_FUNCTION = YES;
				GCC_WARN_UNUSED_VARIABLE = YES;
				IPHONEOS_DEPLOYMENT_TARGET = 14.4;
				MTL_ENABLE_DEBUG_INFO = NO;
				MTL_FAST_MATH = YES;
				SDKROOT = iphoneos;
				SWIFT_COMPILATION_MODE = wholemodule;
				SWIFT_OPTIMIZATION_LEVEL = "-O";
				VALIDATE_PRODUCT = YES;
			};
			name = Release;
		};
		A8FFBCEE268F572200CA8247 /* Debug */ = {
			isa = XCBuildConfiguration;
			buildSettings = {
				ASSETCATALOG_COMPILER_APPICON_NAME = AppIcon;
				ASSETCATALOG_COMPILER_GLOBAL_ACCENT_COLOR_NAME = AccentColor;
				CODE_SIGN_STYLE = Automatic;
				DEVELOPMENT_TEAM = AR7T5G5Z83;
				INFOPLIST_FILE = CurrencyConverter/Application/Info.plist;
				LD_RUNPATH_SEARCH_PATHS = (
					"$(inherited)",
					"@executable_path/Frameworks",
				);
				PRODUCT_BUNDLE_IDENTIFIER = lucaswkuipers.CurrencyConverter;
				PRODUCT_NAME = "$(TARGET_NAME)";
				SWIFT_VERSION = 5.0;
				TARGETED_DEVICE_FAMILY = "1,2";
			};
			name = Debug;
		};
		A8FFBCEF268F572200CA8247 /* Release */ = {
			isa = XCBuildConfiguration;
			buildSettings = {
				ASSETCATALOG_COMPILER_APPICON_NAME = AppIcon;
				ASSETCATALOG_COMPILER_GLOBAL_ACCENT_COLOR_NAME = AccentColor;
				CODE_SIGN_STYLE = Automatic;
				DEVELOPMENT_TEAM = AR7T5G5Z83;
				INFOPLIST_FILE = CurrencyConverter/Application/Info.plist;
				LD_RUNPATH_SEARCH_PATHS = (
					"$(inherited)",
					"@executable_path/Frameworks",
				);
				PRODUCT_BUNDLE_IDENTIFIER = lucaswkuipers.CurrencyConverter;
				PRODUCT_NAME = "$(TARGET_NAME)";
				SWIFT_VERSION = 5.0;
				TARGETED_DEVICE_FAMILY = "1,2";
			};
			name = Release;
		};
		A8FFBCF1268F572200CA8247 /* Debug */ = {
			isa = XCBuildConfiguration;
			buildSettings = {
				ALWAYS_EMBED_SWIFT_STANDARD_LIBRARIES = YES;
				BUNDLE_LOADER = "$(TEST_HOST)";
				CODE_SIGN_STYLE = Automatic;
				DEVELOPMENT_TEAM = AR7T5G5Z83;
				INFOPLIST_FILE = CurrencyConverterTests/Info.plist;
				IPHONEOS_DEPLOYMENT_TARGET = 14.4;
				LD_RUNPATH_SEARCH_PATHS = (
					"$(inherited)",
					"@executable_path/Frameworks",
					"@loader_path/Frameworks",
				);
				PRODUCT_BUNDLE_IDENTIFIER = lucaswkuipers.CurrencyConverterTests;
				PRODUCT_NAME = "$(TARGET_NAME)";
				SWIFT_VERSION = 5.0;
				TARGETED_DEVICE_FAMILY = "1,2";
				TEST_HOST = "$(BUILT_PRODUCTS_DIR)/CurrencyConverter.app/CurrencyConverter";
			};
			name = Debug;
		};
		A8FFBCF2268F572200CA8247 /* Release */ = {
			isa = XCBuildConfiguration;
			buildSettings = {
				ALWAYS_EMBED_SWIFT_STANDARD_LIBRARIES = YES;
				BUNDLE_LOADER = "$(TEST_HOST)";
				CODE_SIGN_STYLE = Automatic;
				DEVELOPMENT_TEAM = AR7T5G5Z83;
				INFOPLIST_FILE = CurrencyConverterTests/Info.plist;
				IPHONEOS_DEPLOYMENT_TARGET = 14.4;
				LD_RUNPATH_SEARCH_PATHS = (
					"$(inherited)",
					"@executable_path/Frameworks",
					"@loader_path/Frameworks",
				);
				PRODUCT_BUNDLE_IDENTIFIER = lucaswkuipers.CurrencyConverterTests;
				PRODUCT_NAME = "$(TARGET_NAME)";
				SWIFT_VERSION = 5.0;
				TARGETED_DEVICE_FAMILY = "1,2";
				TEST_HOST = "$(BUILT_PRODUCTS_DIR)/CurrencyConverter.app/CurrencyConverter";
			};
			name = Release;
		};
		A8FFBCF4268F572200CA8247 /* Debug */ = {
			isa = XCBuildConfiguration;
			buildSettings = {
				ALWAYS_EMBED_SWIFT_STANDARD_LIBRARIES = YES;
				CODE_SIGN_STYLE = Automatic;
				DEVELOPMENT_TEAM = AR7T5G5Z83;
				INFOPLIST_FILE = CurrencyConverterUITests/Info.plist;
				LD_RUNPATH_SEARCH_PATHS = (
					"$(inherited)",
					"@executable_path/Frameworks",
					"@loader_path/Frameworks",
				);
				PRODUCT_BUNDLE_IDENTIFIER = lucaswkuipers.CurrencyConverterUITests;
				PRODUCT_NAME = "$(TARGET_NAME)";
				SWIFT_VERSION = 5.0;
				TARGETED_DEVICE_FAMILY = "1,2";
				TEST_TARGET_NAME = CurrencyConverter;
			};
			name = Debug;
		};
		A8FFBCF5268F572200CA8247 /* Release */ = {
			isa = XCBuildConfiguration;
			buildSettings = {
				ALWAYS_EMBED_SWIFT_STANDARD_LIBRARIES = YES;
				CODE_SIGN_STYLE = Automatic;
				DEVELOPMENT_TEAM = AR7T5G5Z83;
				INFOPLIST_FILE = CurrencyConverterUITests/Info.plist;
				LD_RUNPATH_SEARCH_PATHS = (
					"$(inherited)",
					"@executable_path/Frameworks",
					"@loader_path/Frameworks",
				);
				PRODUCT_BUNDLE_IDENTIFIER = lucaswkuipers.CurrencyConverterUITests;
				PRODUCT_NAME = "$(TARGET_NAME)";
				SWIFT_VERSION = 5.0;
				TARGETED_DEVICE_FAMILY = "1,2";
				TEST_TARGET_NAME = CurrencyConverter;
			};
			name = Release;
		};
/* End XCBuildConfiguration section */

/* Begin XCConfigurationList section */
		A8C1E0A126917C22001DE65C /* Build configuration list for PBXNativeTarget "CurrencyConverterDebugging" */ = {
			isa = XCConfigurationList;
			buildConfigurations = (
				A8C1E0A226917C22001DE65C /* Debug */,
				A8C1E0A326917C22001DE65C /* Release */,
			);
			defaultConfigurationIsVisible = 0;
			defaultConfigurationName = Release;
		};
		A8FFBCBB268F572200CA8247 /* Build configuration list for PBXProject "CurrencyConverter" */ = {
			isa = XCConfigurationList;
			buildConfigurations = (
				A8FFBCEB268F572200CA8247 /* Debug */,
				A8FFBCEC268F572200CA8247 /* Release */,
			);
			defaultConfigurationIsVisible = 0;
			defaultConfigurationName = Release;
		};
		A8FFBCED268F572200CA8247 /* Build configuration list for PBXNativeTarget "CurrencyConverter" */ = {
			isa = XCConfigurationList;
			buildConfigurations = (
				A8FFBCEE268F572200CA8247 /* Debug */,
				A8FFBCEF268F572200CA8247 /* Release */,
			);
			defaultConfigurationIsVisible = 0;
			defaultConfigurationName = Release;
		};
		A8FFBCF0268F572200CA8247 /* Build configuration list for PBXNativeTarget "CurrencyConverterTests" */ = {
			isa = XCConfigurationList;
			buildConfigurations = (
				A8FFBCF1268F572200CA8247 /* Debug */,
				A8FFBCF2268F572200CA8247 /* Release */,
			);
			defaultConfigurationIsVisible = 0;
			defaultConfigurationName = Release;
		};
		A8FFBCF3268F572200CA8247 /* Build configuration list for PBXNativeTarget "CurrencyConverterUITests" */ = {
			isa = XCConfigurationList;
			buildConfigurations = (
				A8FFBCF4268F572200CA8247 /* Debug */,
				A8FFBCF5268F572200CA8247 /* Release */,
			);
			defaultConfigurationIsVisible = 0;
			defaultConfigurationName = Release;
		};
/* End XCConfigurationList section */

/* Begin XCVersionGroup section */
		A8FFBCCC268F572200CA8247 /* CurrencyConverter.xcdatamodeld */ = {
			isa = XCVersionGroup;
			children = (
				A8FFBCCD268F572200CA8247 /* CurrencyConverter.xcdatamodel */,
			);
			currentVersion = A8FFBCCD268F572200CA8247 /* CurrencyConverter.xcdatamodel */;
			path = CurrencyConverter.xcdatamodeld;
			sourceTree = "<group>";
			versionGroupType = wrapper.xcdatamodel;
		};
/* End XCVersionGroup section */
	};
	rootObject = A8FFBCB8268F572200CA8247 /* Project object */;
}
